# This file is automatically @generated by Cargo.
# It is not intended for manual editing.
version = 3

[[package]]
name = "day01a"
version = "0.1.0"

[[package]]
name = "day01b"
version = "0.1.0"

[[package]]
name = "runner"
version = "0.1.0"
dependencies = [
 "day01a",
 "day01b",
 "took",
]

[[package]]
name = "took"
version = "0.1.2"
source = "registry+https://github.com/rust-lang/crates.io-index"
checksum = "af1ea65cb083be6f0b13ba9a26eec5eb563e55198e318cbb0f525d593fbd349e"
